// !$*UTF8*$!
{
	archiveVersion = 1;
	classes = {
	};
	objectVersion = 46;
	objects = {

/* Begin PBXBuildFile section */
		510CDF651817062300D0C2DD /* Facebook_login.png in Resources */ = {isa = PBXBuildFile; fileRef = 510CDF641817062300D0C2DD /* Facebook_login.png */; };
		510CDF67181771FC00D0C2DD /* Login_background.png in Resources */ = {isa = PBXBuildFile; fileRef = 510CDF66181771FC00D0C2DD /* Login_background.png */; };
		511B212C1813785600447996 /* UserDataController.m in Sources */ = {isa = PBXBuildFile; fileRef = 511B212B1813785600447996 /* UserDataController.m */; };
		511B212F1813790600447996 /* SettingsViewController.m in Sources */ = {isa = PBXBuildFile; fileRef = 511B212E1813790600447996 /* SettingsViewController.m */; };
		511B2132181379E800447996 /* EmailViewController.m in Sources */ = {isa = PBXBuildFile; fileRef = 511B2131181379E800447996 /* EmailViewController.m */; };
		511B213518137A4400447996 /* MobileViewController.m in Sources */ = {isa = PBXBuildFile; fileRef = 511B213418137A4400447996 /* MobileViewController.m */; };
		511B213818137A7400447996 /* PasswordViewController.m in Sources */ = {isa = PBXBuildFile; fileRef = 511B213718137A7400447996 /* PasswordViewController.m */; };
		512599F91815A4D300771A2A /* Refresh_icon-1.png in Resources */ = {isa = PBXBuildFile; fileRef = 512599F81815A4D300771A2A /* Refresh_icon-1.png */; };
		512599FB1815A7AC00771A2A /* Huddlr_icon10.png in Resources */ = {isa = PBXBuildFile; fileRef = 512599FA1815A7AC00771A2A /* Huddlr_icon10.png */; };
		512599FD1815A84C00771A2A /* Huddlr_icon11.png in Resources */ = {isa = PBXBuildFile; fileRef = 512599FC1815A84C00771A2A /* Huddlr_icon11.png */; };
		512599FF1815AAD400771A2A /* Huddlr_icon12.png in Resources */ = {isa = PBXBuildFile; fileRef = 512599FE1815AAD400771A2A /* Huddlr_icon12.png */; };
		51259A011815AC1400771A2A /* Huddlr_icon13.png in Resources */ = {isa = PBXBuildFile; fileRef = 51259A001815AC1400771A2A /* Huddlr_icon13.png */; };
		51259A031815ACC800771A2A /* Huddlr_icon14.png in Resources */ = {isa = PBXBuildFile; fileRef = 51259A021815ACC800771A2A /* Huddlr_icon14.png */; };
		51259A051815AD7400771A2A /* Huddlr_icon15.png in Resources */ = {isa = PBXBuildFile; fileRef = 51259A041815AD7400771A2A /* Huddlr_icon15.png */; };
		51259A071815AFA200771A2A /* Launch_image.png in Resources */ = {isa = PBXBuildFile; fileRef = 51259A061815AFA200771A2A /* Launch_image.png */; };
		51EEF23318144B2C003F3B07 /* HuddleViewController.m in Sources */ = {isa = PBXBuildFile; fileRef = 51EEF23218144B2C003F3B07 /* HuddleViewController.m */; };
		51EEF23B1814B4BA003F3B07 /* LoginViewController.m in Sources */ = {isa = PBXBuildFile; fileRef = 51EEF2381814B4BA003F3B07 /* LoginViewController.m */; };
		51EEF23C1814B4BA003F3B07 /* UserDetailsViewController.m in Sources */ = {isa = PBXBuildFile; fileRef = 51EEF23A1814B4BA003F3B07 /* UserDetailsViewController.m */; };
		51EEF23E1814C8F6003F3B07 /* Huddlr_icon9.png in Resources */ = {isa = PBXBuildFile; fileRef = 51EEF23D1814C8F6003F3B07 /* Huddlr_icon9.png */; };
		51EEF2401814CA43003F3B07 /* Huddlr_icon9-1.png in Resources */ = {isa = PBXBuildFile; fileRef = 51EEF23F1814CA43003F3B07 /* Huddlr_icon9-1.png */; };
		DE0DBD3717810774004E5FF9 /* UIKit.framework in Frameworks */ = {isa = PBXBuildFile; fileRef = DE0DBD3617810774004E5FF9 /* UIKit.framework */; };
		DE0DBD3917810774004E5FF9 /* Foundation.framework in Frameworks */ = {isa = PBXBuildFile; fileRef = DE0DBD3817810774004E5FF9 /* Foundation.framework */; };
		DE0DBD3B17810774004E5FF9 /* CoreGraphics.framework in Frameworks */ = {isa = PBXBuildFile; fileRef = DE0DBD3A17810774004E5FF9 /* CoreGraphics.framework */; };
		DE0DBD4317810774004E5FF9 /* main.m in Sources */ = {isa = PBXBuildFile; fileRef = DE0DBD4217810774004E5FF9 /* main.m */; };
		DE0DBD4717810774004E5FF9 /* AppDelegate.m in Sources */ = {isa = PBXBuildFile; fileRef = DE0DBD4617810774004E5FF9 /* AppDelegate.m */; };
		DE0DBD4917810774004E5FF9 /* Default.png in Resources */ = {isa = PBXBuildFile; fileRef = DE0DBD4817810774004E5FF9 /* Default.png */; };
		DE0DBD4B17810774004E5FF9 /* Default@2x.png in Resources */ = {isa = PBXBuildFile; fileRef = DE0DBD4A17810774004E5FF9 /* Default@2x.png */; };
		DE0DBD4D17810774004E5FF9 /* Default-568h@2x.png in Resources */ = {isa = PBXBuildFile; fileRef = DE0DBD4C17810774004E5FF9 /* Default-568h@2x.png */; };
		DE0DBD5317810775004E5FF9 /* MainStoryboard_iPad.storyboard in Resources */ = {isa = PBXBuildFile; fileRef = DE0DBD5117810775004E5FF9 /* MainStoryboard_iPad.storyboard */; };
		DE0DBD5617810775004E5FF9 /* MapViewController.m in Sources */ = {isa = PBXBuildFile; fileRef = DE0DBD5517810775004E5FF9 /* MapViewController.m */; };
		DE0DBD6317810DEE004E5FF9 /* GoogleMaps.bundle in Resources */ = {isa = PBXBuildFile; fileRef = DE0DBD6217810DEE004E5FF9 /* GoogleMaps.bundle */; };
		DE0DBD6517810EB7004E5FF9 /* AVFoundation.framework in Frameworks */ = {isa = PBXBuildFile; fileRef = DE0DBD6417810EB7004E5FF9 /* AVFoundation.framework */; };
		DE0DBD6717810EBD004E5FF9 /* CoreData.framework in Frameworks */ = {isa = PBXBuildFile; fileRef = DE0DBD6617810EBD004E5FF9 /* CoreData.framework */; };
		DE0DBD6917810ECA004E5FF9 /* CoreLocation.framework in Frameworks */ = {isa = PBXBuildFile; fileRef = DE0DBD6817810ECA004E5FF9 /* CoreLocation.framework */; };
		DE0DBD6B17810ED2004E5FF9 /* CoreText.framework in Frameworks */ = {isa = PBXBuildFile; fileRef = DE0DBD6A17810ED2004E5FF9 /* CoreText.framework */; };
		DE0DBD6D17810EDD004E5FF9 /* GLKit.framework in Frameworks */ = {isa = PBXBuildFile; fileRef = DE0DBD6C17810EDD004E5FF9 /* GLKit.framework */; };
		DE0DBD6F17810EE5004E5FF9 /* ImageIO.framework in Frameworks */ = {isa = PBXBuildFile; fileRef = DE0DBD6E17810EE5004E5FF9 /* ImageIO.framework */; };
		DE0DBD7117810EF4004E5FF9 /* libc++.dylib in Frameworks */ = {isa = PBXBuildFile; fileRef = DE0DBD7017810EF4004E5FF9 /* libc++.dylib */; };
		DE0DBD7317810F13004E5FF9 /* libicucore.dylib in Frameworks */ = {isa = PBXBuildFile; fileRef = DE0DBD7217810F13004E5FF9 /* libicucore.dylib */; };
		DE0DBD7517810F23004E5FF9 /* libz.dylib in Frameworks */ = {isa = PBXBuildFile; fileRef = DE0DBD7417810F23004E5FF9 /* libz.dylib */; };
		DE0DBD7717810F30004E5FF9 /* OpenGLES.framework in Frameworks */ = {isa = PBXBuildFile; fileRef = DE0DBD7617810F30004E5FF9 /* OpenGLES.framework */; settings = {ATTRIBUTES = (Required, ); }; };
		DE0DBD7917810F3F004E5FF9 /* QuartzCore.framework in Frameworks */ = {isa = PBXBuildFile; fileRef = DE0DBD7817810F3F004E5FF9 /* QuartzCore.framework */; };
		DE0DBD7B17810F46004E5FF9 /* SystemConfiguration.framework in Frameworks */ = {isa = PBXBuildFile; fileRef = DE0DBD7A17810F46004E5FF9 /* SystemConfiguration.framework */; };
		DE25BE3B17F8C7E800719560 /* GoogleMaps.framework in Frameworks */ = {isa = PBXBuildFile; fileRef = DE0DBD6017810C94004E5FF9 /* GoogleMaps.framework */; };
		DE5758BB17FA9797007A7777 /* Huddlr_icon1.png in Resources */ = {isa = PBXBuildFile; fileRef = DE5758BA17FA9797007A7777 /* Huddlr_icon1.png */; };
		DE5758BD17FA97D8007A7777 /* Huddlr_icon2.png in Resources */ = {isa = PBXBuildFile; fileRef = DE5758BC17FA97D8007A7777 /* Huddlr_icon2.png */; };
		DE5758BF17FA9805007A7777 /* Huddlr_icon3.png in Resources */ = {isa = PBXBuildFile; fileRef = DE5758BE17FA9805007A7777 /* Huddlr_icon3.png */; };
		DE5758C117FA9840007A7777 /* Huddlr_icon4.png in Resources */ = {isa = PBXBuildFile; fileRef = DE5758C017FA9840007A7777 /* Huddlr_icon4.png */; };
		DE5758C317FA9880007A7777 /* Huddlr_icon5.png in Resources */ = {isa = PBXBuildFile; fileRef = DE5758C217FA9880007A7777 /* Huddlr_icon5.png */; };
		DE5758C517FA98B5007A7777 /* Huddlr_icon6.png in Resources */ = {isa = PBXBuildFile; fileRef = DE5758C417FA98B5007A7777 /* Huddlr_icon6.png */; };
		DE5758C717FA98F5007A7777 /* Huddlr_icon7.png in Resources */ = {isa = PBXBuildFile; fileRef = DE5758C617FA98F5007A7777 /* Huddlr_icon7.png */; };
		DE5758D117FBBC75007A7777 /* Friend.m in Sources */ = {isa = PBXBuildFile; fileRef = DE5758CB17FBBC75007A7777 /* Friend.m */; };
		DE5758D217FBBC75007A7777 /* FriendsDataController.m in Sources */ = {isa = PBXBuildFile; fileRef = DE5758CD17FBBC75007A7777 /* FriendsDataController.m */; };
		DE5758D317FBBC75007A7777 /* MasterViewController.m in Sources */ = {isa = PBXBuildFile; fileRef = DE5758CF17FBBC75007A7777 /* MasterViewController.m */; };
		DE5758D91800AB80007A7777 /* MainStoryboard_iPhone.storyboard in Resources */ = {isa = PBXBuildFile; fileRef = DE5758D71800AB80007A7777 /* MainStoryboard_iPhone.storyboard */; };
		DE5758DC1800DC67007A7777 /* Aaron.png in Resources */ = {isa = PBXBuildFile; fileRef = DE5758DB1800DC67007A7777 /* Aaron.png */; };
		DE5758F31800DC83007A7777 /* Adele.png in Resources */ = {isa = PBXBuildFile; fileRef = DE5758DD1800DC83007A7777 /* Adele.png */; };
		DE5758F41800DC83007A7777 /* Ben.png in Resources */ = {isa = PBXBuildFile; fileRef = DE5758DE1800DC83007A7777 /* Ben.png */; };
		DE5758F51800DC83007A7777 /* Cassius.png in Resources */ = {isa = PBXBuildFile; fileRef = DE5758DF1800DC83007A7777 /* Cassius.png */; };
		DE5758F61800DC83007A7777 /* Christy.png in Resources */ = {isa = PBXBuildFile; fileRef = DE5758E01800DC83007A7777 /* Christy.png */; };
		DE5758F71800DC83007A7777 /* Danqing.png in Resources */ = {isa = PBXBuildFile; fileRef = DE5758E11800DC83007A7777 /* Danqing.png */; };
		DE5758F81800DC83007A7777 /* David.png in Resources */ = {isa = PBXBuildFile; fileRef = DE5758E21800DC83007A7777 /* David.png */; };
		DE5758F91800DC83007A7777 /* Diana.png in Resources */ = {isa = PBXBuildFile; fileRef = DE5758E31800DC83007A7777 /* Diana.png */; };
		DE5758FA1800DC83007A7777 /* Henry.png in Resources */ = {isa = PBXBuildFile; fileRef = DE5758E41800DC83007A7777 /* Henry.png */; };
		DE5758FB1800DC83007A7777 /* Ivan.png in Resources */ = {isa = PBXBuildFile; fileRef = DE5758E51800DC83007A7777 /* Ivan.png */; };
		DE5758FC1800DC83007A7777 /* Jessica.png in Resources */ = {isa = PBXBuildFile; fileRef = DE5758E61800DC83007A7777 /* Jessica.png */; };
		DE5758FD1800DC83007A7777 /* Jie.png in Resources */ = {isa = PBXBuildFile; fileRef = DE5758E71800DC83007A7777 /* Jie.png */; };
		DE5758FE1800DC83007A7777 /* Josh.png in Resources */ = {isa = PBXBuildFile; fileRef = DE5758E81800DC83007A7777 /* Josh.png */; };
		DE5758FF1800DC83007A7777 /* Natalia.JPG in Resources */ = {isa = PBXBuildFile; fileRef = DE5758E91800DC83007A7777 /* Natalia.JPG */; };
		DE5759001800DC83007A7777 /* Nicolas.JPG in Resources */ = {isa = PBXBuildFile; fileRef = DE5758EA1800DC83007A7777 /* Nicolas.JPG */; };
		DE5759011800DC83007A7777 /* Orlando.png in Resources */ = {isa = PBXBuildFile; fileRef = DE5758EB1800DC83007A7777 /* Orlando.png */; };
		DE5759021800DC83007A7777 /* Sinye.png in Resources */ = {isa = PBXBuildFile; fileRef = DE5758EC1800DC83007A7777 /* Sinye.png */; };
		DE5759031800DC83007A7777 /* staticfrienddata.txt in Resources */ = {isa = PBXBuildFile; fileRef = DE5758ED1800DC83007A7777 /* staticfrienddata.txt */; };
		DE5759041800DC83007A7777 /* Tong.png in Resources */ = {isa = PBXBuildFile; fileRef = DE5758EE1800DC83007A7777 /* Tong.png */; };
		DE5759051800DC83007A7777 /* Wen.png in Resources */ = {isa = PBXBuildFile; fileRef = DE5758EF1800DC83007A7777 /* Wen.png */; };
		DE5759061800DC83007A7777 /* Will.png in Resources */ = {isa = PBXBuildFile; fileRef = DE5758F01800DC83007A7777 /* Will.png */; };
		DE5759071800DC83007A7777 /* Willa.png in Resources */ = {isa = PBXBuildFile; fileRef = DE5758F11800DC83007A7777 /* Willa.png */; };
		DE5759081800DC83007A7777 /* Xiao.png in Resources */ = {isa = PBXBuildFile; fileRef = DE5758F21800DC83007A7777 /* Xiao.png */; };
		DE721F81181209A500ECC698 /* home.png in Resources */ = {isa = PBXBuildFile; fileRef = DE721F80181209A500ECC698 /* home.png */; };
		DE721F8418120C2D00ECC698 /* Huddles.png in Resources */ = {isa = PBXBuildFile; fileRef = DE721F8218120C2D00ECC698 /* Huddles.png */; };
		DE721F8518120C2D00ECC698 /* Profile.png in Resources */ = {isa = PBXBuildFile; fileRef = DE721F8318120C2D00ECC698 /* Profile.png */; };
		DE721F8718120D9B00ECC698 /* Map.png in Resources */ = {isa = PBXBuildFile; fileRef = DE721F8618120D9B00ECC698 /* Map.png */; };
		DE721F891813533500ECC698 /* Parse.framework in Frameworks */ = {isa = PBXBuildFile; fileRef = DE721F881813533500ECC698 /* Parse.framework */; };
		DE721F8B181353B200ECC698 /* AudioToolbox.framework in Frameworks */ = {isa = PBXBuildFile; fileRef = DE721F8A181353B200ECC698 /* AudioToolbox.framework */; };
		DE721F8D181353BE00ECC698 /* CFNetwork.framework in Frameworks */ = {isa = PBXBuildFile; fileRef = DE721F8C181353BE00ECC698 /* CFNetwork.framework */; };
		DE721F8F181353E800ECC698 /* libz.1.1.3.dylib in Frameworks */ = {isa = PBXBuildFile; fileRef = DE721F8E181353E700ECC698 /* libz.1.1.3.dylib */; };
		DE721F91181353FB00ECC698 /* MobileCoreServices.framework in Frameworks */ = {isa = PBXBuildFile; fileRef = DE721F90181353FB00ECC698 /* MobileCoreServices.framework */; };
		DE721F931813541500ECC698 /* StoreKit.framework in Frameworks */ = {isa = PBXBuildFile; fileRef = DE721F921813541500ECC698 /* StoreKit.framework */; };
		DE721F9B18135B8700ECC698 /* FacebookSDK.framework in Frameworks */ = {isa = PBXBuildFile; fileRef = DE721F9A18135B8700ECC698 /* FacebookSDK.framework */; };
		DEE1496417D2CDA7009043B8 /* Security.framework in Frameworks */ = {isa = PBXBuildFile; fileRef = DEE1496317D2CDA7009043B8 /* Security.framework */; };
		DEE462771804BDD6005C8618 /* Huddlr_icon8.png in Resources */ = {isa = PBXBuildFile; fileRef = DEE462761804BDD6005C8618 /* Huddlr_icon8.png */; };
		DEE462CB180F93EF005C8618 /* MapKit.framework in Frameworks */ = {isa = PBXBuildFile; fileRef = DEE462CA180F93EF005C8618 /* MapKit.framework */; };
/* End PBXBuildFile section */

/* Begin PBXFileReference section */
		510CDF641817062300D0C2DD /* Facebook_login.png */ = {isa = PBXFileReference; lastKnownFileType = image.png; path = Facebook_login.png; sourceTree = "<group>"; };
		510CDF66181771FC00D0C2DD /* Login_background.png */ = {isa = PBXFileReference; lastKnownFileType = image.png; path = Login_background.png; sourceTree = "<group>"; };
		511B212A1813785500447996 /* UserDataController.h */ = {isa = PBXFileReference; fileEncoding = 4; lastKnownFileType = sourcecode.c.h; path = UserDataController.h; sourceTree = "<group>"; };
		511B212B1813785600447996 /* UserDataController.m */ = {isa = PBXFileReference; fileEncoding = 4; lastKnownFileType = sourcecode.c.objc; path = UserDataController.m; sourceTree = "<group>"; };
		511B212D1813790600447996 /* SettingsViewController.h */ = {isa = PBXFileReference; fileEncoding = 4; lastKnownFileType = sourcecode.c.h; path = SettingsViewController.h; sourceTree = "<group>"; };
		511B212E1813790600447996 /* SettingsViewController.m */ = {isa = PBXFileReference; fileEncoding = 4; lastKnownFileType = sourcecode.c.objc; path = SettingsViewController.m; sourceTree = "<group>"; };
		511B2130181379E800447996 /* EmailViewController.h */ = {isa = PBXFileReference; fileEncoding = 4; lastKnownFileType = sourcecode.c.h; path = EmailViewController.h; sourceTree = "<group>"; };
		511B2131181379E800447996 /* EmailViewController.m */ = {isa = PBXFileReference; fileEncoding = 4; lastKnownFileType = sourcecode.c.objc; path = EmailViewController.m; sourceTree = "<group>"; };
		511B213318137A4400447996 /* MobileViewController.h */ = {isa = PBXFileReference; fileEncoding = 4; lastKnownFileType = sourcecode.c.h; path = MobileViewController.h; sourceTree = "<group>"; };
		511B213418137A4400447996 /* MobileViewController.m */ = {isa = PBXFileReference; fileEncoding = 4; lastKnownFileType = sourcecode.c.objc; path = MobileViewController.m; sourceTree = "<group>"; };
		511B213618137A7400447996 /* PasswordViewController.h */ = {isa = PBXFileReference; fileEncoding = 4; lastKnownFileType = sourcecode.c.h; path = PasswordViewController.h; sourceTree = "<group>"; };
		511B213718137A7400447996 /* PasswordViewController.m */ = {isa = PBXFileReference; fileEncoding = 4; lastKnownFileType = sourcecode.c.objc; path = PasswordViewController.m; sourceTree = "<group>"; };
		512599F81815A4D300771A2A /* Refresh_icon-1.png */ = {isa = PBXFileReference; lastKnownFileType = image.png; path = "Refresh_icon-1.png"; sourceTree = "<group>"; };
		512599FA1815A7AC00771A2A /* Huddlr_icon10.png */ = {isa = PBXFileReference; lastKnownFileType = image.png; path = Huddlr_icon10.png; sourceTree = "<group>"; };
		512599FC1815A84C00771A2A /* Huddlr_icon11.png */ = {isa = PBXFileReference; lastKnownFileType = image.png; path = Huddlr_icon11.png; sourceTree = "<group>"; };
		512599FE1815AAD400771A2A /* Huddlr_icon12.png */ = {isa = PBXFileReference; lastKnownFileType = image.png; path = Huddlr_icon12.png; sourceTree = "<group>"; };
		51259A001815AC1400771A2A /* Huddlr_icon13.png */ = {isa = PBXFileReference; lastKnownFileType = image.png; path = Huddlr_icon13.png; sourceTree = "<group>"; };
		51259A021815ACC800771A2A /* Huddlr_icon14.png */ = {isa = PBXFileReference; lastKnownFileType = image.png; path = Huddlr_icon14.png; sourceTree = "<group>"; };
		51259A041815AD7400771A2A /* Huddlr_icon15.png */ = {isa = PBXFileReference; lastKnownFileType = image.png; path = Huddlr_icon15.png; sourceTree = "<group>"; };
		51259A061815AFA200771A2A /* Launch_image.png */ = {isa = PBXFileReference; lastKnownFileType = image.png; path = Launch_image.png; sourceTree = "<group>"; };
		51EEF23118144B2C003F3B07 /* HuddleViewController.h */ = {isa = PBXFileReference; fileEncoding = 4; lastKnownFileType = sourcecode.c.h; path = HuddleViewController.h; sourceTree = "<group>"; };
		51EEF23218144B2C003F3B07 /* HuddleViewController.m */ = {isa = PBXFileReference; fileEncoding = 4; lastKnownFileType = sourcecode.c.objc; path = HuddleViewController.m; sourceTree = "<group>"; };
		51EEF2371814B4BA003F3B07 /* LoginViewController.h */ = {isa = PBXFileReference; fileEncoding = 4; lastKnownFileType = sourcecode.c.h; path = LoginViewController.h; sourceTree = "<group>"; };
		51EEF2381814B4BA003F3B07 /* LoginViewController.m */ = {isa = PBXFileReference; fileEncoding = 4; lastKnownFileType = sourcecode.c.objc; path = LoginViewController.m; sourceTree = "<group>"; };
		51EEF2391814B4BA003F3B07 /* UserDetailsViewController.h */ = {isa = PBXFileReference; fileEncoding = 4; lastKnownFileType = sourcecode.c.h; path = UserDetailsViewController.h; sourceTree = "<group>"; };
		51EEF23A1814B4BA003F3B07 /* UserDetailsViewController.m */ = {isa = PBXFileReference; fileEncoding = 4; lastKnownFileType = sourcecode.c.objc; path = UserDetailsViewController.m; sourceTree = "<group>"; };
		51EEF23D1814C8F6003F3B07 /* Huddlr_icon9.png */ = {isa = PBXFileReference; lastKnownFileType = image.png; path = Huddlr_icon9.png; sourceTree = "<group>"; };
		51EEF23F1814CA43003F3B07 /* Huddlr_icon9-1.png */ = {isa = PBXFileReference; lastKnownFileType = image.png; path = "Huddlr_icon9-1.png"; sourceTree = "<group>"; };
		DE0DBD3317810774004E5FF9 /* Huddlr.app */ = {isa = PBXFileReference; explicitFileType = wrapper.application; includeInIndex = 0; path = Huddlr.app; sourceTree = BUILT_PRODUCTS_DIR; };
		DE0DBD3617810774004E5FF9 /* UIKit.framework */ = {isa = PBXFileReference; lastKnownFileType = wrapper.framework; name = UIKit.framework; path = System/Library/Frameworks/UIKit.framework; sourceTree = SDKROOT; };
		DE0DBD3817810774004E5FF9 /* Foundation.framework */ = {isa = PBXFileReference; lastKnownFileType = wrapper.framework; name = Foundation.framework; path = System/Library/Frameworks/Foundation.framework; sourceTree = SDKROOT; };
		DE0DBD3A17810774004E5FF9 /* CoreGraphics.framework */ = {isa = PBXFileReference; lastKnownFileType = wrapper.framework; name = CoreGraphics.framework; path = System/Library/Frameworks/CoreGraphics.framework; sourceTree = SDKROOT; };
		DE0DBD3E17810774004E5FF9 /* Huddlr-Info.plist */ = {isa = PBXFileReference; lastKnownFileType = text.plist.xml; path = "Huddlr-Info.plist"; sourceTree = "<group>"; };
		DE0DBD4217810774004E5FF9 /* main.m */ = {isa = PBXFileReference; fileEncoding = 4; lastKnownFileType = sourcecode.c.objc; path = main.m; sourceTree = "<group>"; };
		DE0DBD4417810774004E5FF9 /* Huddlr-Prefix.pch */ = {isa = PBXFileReference; lastKnownFileType = sourcecode.c.h; path = "Huddlr-Prefix.pch"; sourceTree = "<group>"; };
		DE0DBD4517810774004E5FF9 /* AppDelegate.h */ = {isa = PBXFileReference; lastKnownFileType = sourcecode.c.h; path = AppDelegate.h; sourceTree = "<group>"; };
		DE0DBD4617810774004E5FF9 /* AppDelegate.m */ = {isa = PBXFileReference; lastKnownFileType = sourcecode.c.objc; path = AppDelegate.m; sourceTree = "<group>"; };
		DE0DBD4817810774004E5FF9 /* Default.png */ = {isa = PBXFileReference; lastKnownFileType = image.png; path = Default.png; sourceTree = "<group>"; };
		DE0DBD4A17810774004E5FF9 /* Default@2x.png */ = {isa = PBXFileReference; lastKnownFileType = image.png; path = "Default@2x.png"; sourceTree = "<group>"; };
		DE0DBD4C17810774004E5FF9 /* Default-568h@2x.png */ = {isa = PBXFileReference; lastKnownFileType = image.png; path = "Default-568h@2x.png"; sourceTree = "<group>"; };
		DE0DBD5217810775004E5FF9 /* en */ = {isa = PBXFileReference; lastKnownFileType = file.storyboard; name = en; path = en.lproj/MainStoryboard_iPad.storyboard; sourceTree = "<group>"; };
		DE0DBD5417810775004E5FF9 /* MapViewController.h */ = {isa = PBXFileReference; lastKnownFileType = sourcecode.c.h; path = MapViewController.h; sourceTree = "<group>"; };
		DE0DBD5517810775004E5FF9 /* MapViewController.m */ = {isa = PBXFileReference; lastKnownFileType = sourcecode.c.objc; path = MapViewController.m; sourceTree = "<group>"; };
		DE0DBD6017810C94004E5FF9 /* GoogleMaps.framework */ = {isa = PBXFileReference; lastKnownFileType = wrapper.framework; path = GoogleMaps.framework; sourceTree = "<group>"; };
		DE0DBD6217810DEE004E5FF9 /* GoogleMaps.bundle */ = {isa = PBXFileReference; lastKnownFileType = "wrapper.plug-in"; name = GoogleMaps.bundle; path = GoogleMaps.framework/Versions/A/Resources/GoogleMaps.bundle; sourceTree = "<group>"; };
		DE0DBD6417810EB7004E5FF9 /* AVFoundation.framework */ = {isa = PBXFileReference; lastKnownFileType = wrapper.framework; name = AVFoundation.framework; path = System/Library/Frameworks/AVFoundation.framework; sourceTree = SDKROOT; };
		DE0DBD6617810EBD004E5FF9 /* CoreData.framework */ = {isa = PBXFileReference; lastKnownFileType = wrapper.framework; name = CoreData.framework; path = System/Library/Frameworks/CoreData.framework; sourceTree = SDKROOT; };
		DE0DBD6817810ECA004E5FF9 /* CoreLocation.framework */ = {isa = PBXFileReference; lastKnownFileType = wrapper.framework; name = CoreLocation.framework; path = System/Library/Frameworks/CoreLocation.framework; sourceTree = SDKROOT; };
		DE0DBD6A17810ED2004E5FF9 /* CoreText.framework */ = {isa = PBXFileReference; lastKnownFileType = wrapper.framework; name = CoreText.framework; path = System/Library/Frameworks/CoreText.framework; sourceTree = SDKROOT; };
		DE0DBD6C17810EDD004E5FF9 /* GLKit.framework */ = {isa = PBXFileReference; lastKnownFileType = wrapper.framework; name = GLKit.framework; path = System/Library/Frameworks/GLKit.framework; sourceTree = SDKROOT; };
		DE0DBD6E17810EE5004E5FF9 /* ImageIO.framework */ = {isa = PBXFileReference; lastKnownFileType = wrapper.framework; name = ImageIO.framework; path = System/Library/Frameworks/ImageIO.framework; sourceTree = SDKROOT; };
		DE0DBD7017810EF4004E5FF9 /* libc++.dylib */ = {isa = PBXFileReference; lastKnownFileType = "compiled.mach-o.dylib"; name = "libc++.dylib"; path = "usr/lib/libc++.dylib"; sourceTree = SDKROOT; };
		DE0DBD7217810F13004E5FF9 /* libicucore.dylib */ = {isa = PBXFileReference; lastKnownFileType = "compiled.mach-o.dylib"; name = libicucore.dylib; path = usr/lib/libicucore.dylib; sourceTree = SDKROOT; };
		DE0DBD7417810F23004E5FF9 /* libz.dylib */ = {isa = PBXFileReference; lastKnownFileType = "compiled.mach-o.dylib"; name = libz.dylib; path = usr/lib/libz.dylib; sourceTree = SDKROOT; };
		DE0DBD7617810F30004E5FF9 /* OpenGLES.framework */ = {isa = PBXFileReference; lastKnownFileType = wrapper.framework; name = OpenGLES.framework; path = System/Library/Frameworks/OpenGLES.framework; sourceTree = SDKROOT; };
		DE0DBD7817810F3F004E5FF9 /* QuartzCore.framework */ = {isa = PBXFileReference; lastKnownFileType = wrapper.framework; name = QuartzCore.framework; path = System/Library/Frameworks/QuartzCore.framework; sourceTree = SDKROOT; };
		DE0DBD7A17810F46004E5FF9 /* SystemConfiguration.framework */ = {isa = PBXFileReference; lastKnownFileType = wrapper.framework; name = SystemConfiguration.framework; path = System/Library/Frameworks/SystemConfiguration.framework; sourceTree = SDKROOT; };
		DE5758BA17FA9797007A7777 /* Huddlr_icon1.png */ = {isa = PBXFileReference; lastKnownFileType = image.png; name = Huddlr_icon1.png; path = Images/Huddlr_icon1.png; sourceTree = "<group>"; };
		DE5758BC17FA97D8007A7777 /* Huddlr_icon2.png */ = {isa = PBXFileReference; lastKnownFileType = image.png; name = Huddlr_icon2.png; path = Images/Huddlr_icon2.png; sourceTree = "<group>"; };
		DE5758BE17FA9805007A7777 /* Huddlr_icon3.png */ = {isa = PBXFileReference; lastKnownFileType = image.png; name = Huddlr_icon3.png; path = Images/Huddlr_icon3.png; sourceTree = SOURCE_ROOT; };
		DE5758C017FA9840007A7777 /* Huddlr_icon4.png */ = {isa = PBXFileReference; lastKnownFileType = image.png; name = Huddlr_icon4.png; path = Images/Huddlr_icon4.png; sourceTree = "<group>"; };
		DE5758C217FA9880007A7777 /* Huddlr_icon5.png */ = {isa = PBXFileReference; lastKnownFileType = image.png; name = Huddlr_icon5.png; path = Images/Huddlr_icon5.png; sourceTree = "<group>"; };
		DE5758C417FA98B5007A7777 /* Huddlr_icon6.png */ = {isa = PBXFileReference; lastKnownFileType = image.png; name = Huddlr_icon6.png; path = Images/Huddlr_icon6.png; sourceTree = "<group>"; };
		DE5758C617FA98F5007A7777 /* Huddlr_icon7.png */ = {isa = PBXFileReference; lastKnownFileType = image.png; name = Huddlr_icon7.png; path = Images/Huddlr_icon7.png; sourceTree = "<group>"; };
		DE5758CA17FBBC75007A7777 /* Friend.h */ = {isa = PBXFileReference; fileEncoding = 4; lastKnownFileType = sourcecode.c.h; path = Friend.h; sourceTree = "<group>"; };
		DE5758CB17FBBC75007A7777 /* Friend.m */ = {isa = PBXFileReference; fileEncoding = 4; lastKnownFileType = sourcecode.c.objc; path = Friend.m; sourceTree = "<group>"; };
		DE5758CC17FBBC75007A7777 /* FriendsDataController.h */ = {isa = PBXFileReference; fileEncoding = 4; lastKnownFileType = sourcecode.c.h; path = FriendsDataController.h; sourceTree = "<group>"; };
		DE5758CD17FBBC75007A7777 /* FriendsDataController.m */ = {isa = PBXFileReference; fileEncoding = 4; lastKnownFileType = sourcecode.c.objc; path = FriendsDataController.m; sourceTree = "<group>"; };
		DE5758CE17FBBC75007A7777 /* MasterViewController.h */ = {isa = PBXFileReference; fileEncoding = 4; lastKnownFileType = sourcecode.c.h; path = MasterViewController.h; sourceTree = "<group>"; };
		DE5758CF17FBBC75007A7777 /* MasterViewController.m */ = {isa = PBXFileReference; fileEncoding = 4; lastKnownFileType = sourcecode.c.objc; path = MasterViewController.m; sourceTree = "<group>"; };
		DE5758D81800AB80007A7777 /* en */ = {isa = PBXFileReference; lastKnownFileType = file.storyboard; name = en; path = en.lproj/MainStoryboard_iPhone.storyboard; sourceTree = "<group>"; };
		DE5758DB1800DC67007A7777 /* Aaron.png */ = {isa = PBXFileReference; lastKnownFileType = image.png; name = Aaron.png; path = "User Data/Aaron.png"; sourceTree = SOURCE_ROOT; };
		DE5758DD1800DC83007A7777 /* Adele.png */ = {isa = PBXFileReference; lastKnownFileType = image.png; name = Adele.png; path = "User Data/Adele.png"; sourceTree = SOURCE_ROOT; };
		DE5758DE1800DC83007A7777 /* Ben.png */ = {isa = PBXFileReference; lastKnownFileType = image.png; name = Ben.png; path = "User Data/Ben.png"; sourceTree = SOURCE_ROOT; };
		DE5758DF1800DC83007A7777 /* Cassius.png */ = {isa = PBXFileReference; lastKnownFileType = image.png; name = Cassius.png; path = "User Data/Cassius.png"; sourceTree = SOURCE_ROOT; };
		DE5758E01800DC83007A7777 /* Christy.png */ = {isa = PBXFileReference; lastKnownFileType = image.png; name = Christy.png; path = "User Data/Christy.png"; sourceTree = SOURCE_ROOT; };
		DE5758E11800DC83007A7777 /* Danqing.png */ = {isa = PBXFileReference; lastKnownFileType = image.png; name = Danqing.png; path = "User Data/Danqing.png"; sourceTree = SOURCE_ROOT; };
		DE5758E21800DC83007A7777 /* David.png */ = {isa = PBXFileReference; lastKnownFileType = image.png; name = David.png; path = "User Data/David.png"; sourceTree = SOURCE_ROOT; };
		DE5758E31800DC83007A7777 /* Diana.png */ = {isa = PBXFileReference; lastKnownFileType = image.png; name = Diana.png; path = "User Data/Diana.png"; sourceTree = SOURCE_ROOT; };
		DE5758E41800DC83007A7777 /* Henry.png */ = {isa = PBXFileReference; lastKnownFileType = image.png; name = Henry.png; path = "User Data/Henry.png"; sourceTree = SOURCE_ROOT; };
		DE5758E51800DC83007A7777 /* Ivan.png */ = {isa = PBXFileReference; lastKnownFileType = image.png; name = Ivan.png; path = "User Data/Ivan.png"; sourceTree = SOURCE_ROOT; };
		DE5758E61800DC83007A7777 /* Jessica.png */ = {isa = PBXFileReference; lastKnownFileType = image.png; name = Jessica.png; path = "User Data/Jessica.png"; sourceTree = SOURCE_ROOT; };
		DE5758E71800DC83007A7777 /* Jie.png */ = {isa = PBXFileReference; lastKnownFileType = image.png; name = Jie.png; path = "User Data/Jie.png"; sourceTree = SOURCE_ROOT; };
		DE5758E81800DC83007A7777 /* Josh.png */ = {isa = PBXFileReference; lastKnownFileType = image.png; name = Josh.png; path = "User Data/Josh.png"; sourceTree = SOURCE_ROOT; };
		DE5758E91800DC83007A7777 /* Natalia.JPG */ = {isa = PBXFileReference; lastKnownFileType = image.jpeg; name = Natalia.JPG; path = "User Data/Natalia.JPG"; sourceTree = SOURCE_ROOT; };
		DE5758EA1800DC83007A7777 /* Nicolas.JPG */ = {isa = PBXFileReference; lastKnownFileType = image.jpeg; name = Nicolas.JPG; path = "User Data/Nicolas.JPG"; sourceTree = SOURCE_ROOT; };
		DE5758EB1800DC83007A7777 /* Orlando.png */ = {isa = PBXFileReference; lastKnownFileType = image.png; name = Orlando.png; path = "User Data/Orlando.png"; sourceTree = SOURCE_ROOT; };
		DE5758EC1800DC83007A7777 /* Sinye.png */ = {isa = PBXFileReference; lastKnownFileType = image.png; name = Sinye.png; path = "User Data/Sinye.png"; sourceTree = SOURCE_ROOT; };
		DE5758ED1800DC83007A7777 /* staticfrienddata.txt */ = {isa = PBXFileReference; fileEncoding = 4; lastKnownFileType = text; name = staticfrienddata.txt; path = "User Data/staticfrienddata.txt"; sourceTree = SOURCE_ROOT; };
		DE5758EE1800DC83007A7777 /* Tong.png */ = {isa = PBXFileReference; lastKnownFileType = image.png; name = Tong.png; path = "User Data/Tong.png"; sourceTree = SOURCE_ROOT; };
		DE5758EF1800DC83007A7777 /* Wen.png */ = {isa = PBXFileReference; lastKnownFileType = image.png; name = Wen.png; path = "User Data/Wen.png"; sourceTree = SOURCE_ROOT; };
		DE5758F01800DC83007A7777 /* Will.png */ = {isa = PBXFileReference; lastKnownFileType = image.png; name = Will.png; path = "User Data/Will.png"; sourceTree = SOURCE_ROOT; };
		DE5758F11800DC83007A7777 /* Willa.png */ = {isa = PBXFileReference; lastKnownFileType = image.png; name = Willa.png; path = "User Data/Willa.png"; sourceTree = SOURCE_ROOT; };
		DE5758F21800DC83007A7777 /* Xiao.png */ = {isa = PBXFileReference; lastKnownFileType = image.png; name = Xiao.png; path = "User Data/Xiao.png"; sourceTree = SOURCE_ROOT; };
		DE721F80181209A500ECC698 /* home.png */ = {isa = PBXFileReference; lastKnownFileType = image.png; name = home.png; path = Images/home.png; sourceTree = "<group>"; };
		DE721F8218120C2D00ECC698 /* Huddles.png */ = {isa = PBXFileReference; lastKnownFileType = image.png; name = Huddles.png; path = Images/Huddles.png; sourceTree = "<group>"; };
		DE721F8318120C2D00ECC698 /* Profile.png */ = {isa = PBXFileReference; lastKnownFileType = image.png; name = Profile.png; path = Images/Profile.png; sourceTree = "<group>"; };
		DE721F8618120D9B00ECC698 /* Map.png */ = {isa = PBXFileReference; lastKnownFileType = image.png; name = Map.png; path = Images/Map.png; sourceTree = "<group>"; };
		DE721F881813533500ECC698 /* Parse.framework */ = {isa = PBXFileReference; lastKnownFileType = wrapper.framework; path = Parse.framework; sourceTree = "<group>"; };
		DE721F8A181353B200ECC698 /* AudioToolbox.framework */ = {isa = PBXFileReference; lastKnownFileType = wrapper.framework; name = AudioToolbox.framework; path = System/Library/Frameworks/AudioToolbox.framework; sourceTree = SDKROOT; };
		DE721F8C181353BE00ECC698 /* CFNetwork.framework */ = {isa = PBXFileReference; lastKnownFileType = wrapper.framework; name = CFNetwork.framework; path = System/Library/Frameworks/CFNetwork.framework; sourceTree = SDKROOT; };
		DE721F8E181353E700ECC698 /* libz.1.1.3.dylib */ = {isa = PBXFileReference; lastKnownFileType = "compiled.mach-o.dylib"; name = libz.1.1.3.dylib; path = usr/lib/libz.1.1.3.dylib; sourceTree = SDKROOT; };
		DE721F90181353FB00ECC698 /* MobileCoreServices.framework */ = {isa = PBXFileReference; lastKnownFileType = wrapper.framework; name = MobileCoreServices.framework; path = System/Library/Frameworks/MobileCoreServices.framework; sourceTree = SDKROOT; };
		DE721F921813541500ECC698 /* StoreKit.framework */ = {isa = PBXFileReference; lastKnownFileType = wrapper.framework; name = StoreKit.framework; path = System/Library/Frameworks/StoreKit.framework; sourceTree = SDKROOT; };
		DE721F9A18135B8700ECC698 /* FacebookSDK.framework */ = {isa = PBXFileReference; lastKnownFileType = wrapper.framework; name = FacebookSDK.framework; path = FacebookSDK/FacebookSDK.framework; sourceTree = "<group>"; };
		DEE1496317D2CDA7009043B8 /* Security.framework */ = {isa = PBXFileReference; lastKnownFileType = wrapper.framework; name = Security.framework; path = System/Library/Frameworks/Security.framework; sourceTree = SDKROOT; };
		DEE462761804BDD6005C8618 /* Huddlr_icon8.png */ = {isa = PBXFileReference; lastKnownFileType = image.png; name = Huddlr_icon8.png; path = Images/Huddlr_icon8.png; sourceTree = "<group>"; };
		DEE462CA180F93EF005C8618 /* MapKit.framework */ = {isa = PBXFileReference; lastKnownFileType = wrapper.framework; name = MapKit.framework; path = System/Library/Frameworks/MapKit.framework; sourceTree = SDKROOT; };
/* End PBXFileReference section */

/* Begin PBXFrameworksBuildPhase section */
		DE0DBD3017810774004E5FF9 /* Frameworks */ = {
			isa = PBXFrameworksBuildPhase;
			buildActionMask = 2147483647;
			files = (
				DE721F9B18135B8700ECC698 /* FacebookSDK.framework in Frameworks */,
				DE0DBD7B17810F46004E5FF9 /* SystemConfiguration.framework in Frameworks */,
				DE721F931813541500ECC698 /* StoreKit.framework in Frameworks */,
				DE721F91181353FB00ECC698 /* MobileCoreServices.framework in Frameworks */,
				DE721F8D181353BE00ECC698 /* CFNetwork.framework in Frameworks */,
				DE721F8B181353B200ECC698 /* AudioToolbox.framework in Frameworks */,
				DEE462CB180F93EF005C8618 /* MapKit.framework in Frameworks */,
				DE25BE3B17F8C7E800719560 /* GoogleMaps.framework in Frameworks */,
				DEE1496417D2CDA7009043B8 /* Security.framework in Frameworks */,
				DE0DBD7917810F3F004E5FF9 /* QuartzCore.framework in Frameworks */,
				DE0DBD7717810F30004E5FF9 /* OpenGLES.framework in Frameworks */,
				DE721F8F181353E800ECC698 /* libz.1.1.3.dylib in Frameworks */,
				DE0DBD7517810F23004E5FF9 /* libz.dylib in Frameworks */,
				DE0DBD7317810F13004E5FF9 /* libicucore.dylib in Frameworks */,
				DE0DBD7117810EF4004E5FF9 /* libc++.dylib in Frameworks */,
				DE0DBD6F17810EE5004E5FF9 /* ImageIO.framework in Frameworks */,
				DE0DBD6D17810EDD004E5FF9 /* GLKit.framework in Frameworks */,
				DE0DBD6B17810ED2004E5FF9 /* CoreText.framework in Frameworks */,
				DE0DBD6917810ECA004E5FF9 /* CoreLocation.framework in Frameworks */,
				DE721F891813533500ECC698 /* Parse.framework in Frameworks */,
				DE0DBD6717810EBD004E5FF9 /* CoreData.framework in Frameworks */,
				DE0DBD6517810EB7004E5FF9 /* AVFoundation.framework in Frameworks */,
				DE0DBD3717810774004E5FF9 /* UIKit.framework in Frameworks */,
				DE0DBD3917810774004E5FF9 /* Foundation.framework in Frameworks */,
				DE0DBD3B17810774004E5FF9 /* CoreGraphics.framework in Frameworks */,
			);
			runOnlyForDeploymentPostprocessing = 0;
		};
/* End PBXFrameworksBuildPhase section */

/* Begin PBXGroup section */
		DE0DBD2A17810774004E5FF9 = {
			isa = PBXGroup;
			children = (
				DE5758B917FA96ED007A7777 /* Images */,
				DE0DBD3C17810774004E5FF9 /* Huddlr_files */,
				DE0DBD3517810774004E5FF9 /* Frameworks */,
				DE0DBD3417810774004E5FF9 /* Products */,
			);
			sourceTree = "<group>";
		};
		DE0DBD3417810774004E5FF9 /* Products */ = {
			isa = PBXGroup;
			children = (
				DE0DBD3317810774004E5FF9 /* Huddlr.app */,
			);
			name = Products;
			sourceTree = "<group>";
		};
		DE0DBD3517810774004E5FF9 /* Frameworks */ = {
			isa = PBXGroup;
			children = (
				DE721F9A18135B8700ECC698 /* FacebookSDK.framework */,
				DE721F921813541500ECC698 /* StoreKit.framework */,
				DE721F90181353FB00ECC698 /* MobileCoreServices.framework */,
				DE721F8E181353E700ECC698 /* libz.1.1.3.dylib */,
				DE721F8C181353BE00ECC698 /* CFNetwork.framework */,
				DE721F8A181353B200ECC698 /* AudioToolbox.framework */,
				DE721F881813533500ECC698 /* Parse.framework */,
				DEE462CA180F93EF005C8618 /* MapKit.framework */,
				DE0DBD7A17810F46004E5FF9 /* SystemConfiguration.framework */,
				DE0DBD7817810F3F004E5FF9 /* QuartzCore.framework */,
				DE0DBD7617810F30004E5FF9 /* OpenGLES.framework */,
				DE0DBD7417810F23004E5FF9 /* libz.dylib */,
				DE0DBD7217810F13004E5FF9 /* libicucore.dylib */,
				DE0DBD7017810EF4004E5FF9 /* libc++.dylib */,
				DEE1496317D2CDA7009043B8 /* Security.framework */,
				DE0DBD6E17810EE5004E5FF9 /* ImageIO.framework */,
				DE0DBD6C17810EDD004E5FF9 /* GLKit.framework */,
				DE0DBD6A17810ED2004E5FF9 /* CoreText.framework */,
				DE0DBD6817810ECA004E5FF9 /* CoreLocation.framework */,
				DE0DBD6617810EBD004E5FF9 /* CoreData.framework */,
				DE0DBD6417810EB7004E5FF9 /* AVFoundation.framework */,
				DE0DBD6217810DEE004E5FF9 /* GoogleMaps.bundle */,
				DE0DBD6017810C94004E5FF9 /* GoogleMaps.framework */,
				DE0DBD3617810774004E5FF9 /* UIKit.framework */,
				DE0DBD3817810774004E5FF9 /* Foundation.framework */,
				DE0DBD3A17810774004E5FF9 /* CoreGraphics.framework */,
			);
			name = Frameworks;
			sourceTree = "<group>";
		};
		DE0DBD3C17810774004E5FF9 /* Huddlr_files */ = {
			isa = PBXGroup;
			children = (
				DE0DBD4517810774004E5FF9 /* AppDelegate.h */,
				DE0DBD4617810774004E5FF9 /* AppDelegate.m */,
				DE0DBD5117810775004E5FF9 /* MainStoryboard_iPad.storyboard */,
				DE5758D71800AB80007A7777 /* MainStoryboard_iPhone.storyboard */,
				51EEF2371814B4BA003F3B07 /* LoginViewController.h */,
				51EEF2381814B4BA003F3B07 /* LoginViewController.m */,
				51EEF2391814B4BA003F3B07 /* UserDetailsViewController.h */,
				51EEF23A1814B4BA003F3B07 /* UserDetailsViewController.m */,
				DE5758CA17FBBC75007A7777 /* Friend.h */,
				DE5758CB17FBBC75007A7777 /* Friend.m */,
				DE5758CC17FBBC75007A7777 /* FriendsDataController.h */,
				DE5758CD17FBBC75007A7777 /* FriendsDataController.m */,
				DE5758CE17FBBC75007A7777 /* MasterViewController.h */,
				DE5758CF17FBBC75007A7777 /* MasterViewController.m */,
				DE0DBD5417810775004E5FF9 /* MapViewController.h */,
				DE0DBD5517810775004E5FF9 /* MapViewController.m */,
				511B212A1813785500447996 /* UserDataController.h */,
				511B212B1813785600447996 /* UserDataController.m */,
				511B212D1813790600447996 /* SettingsViewController.h */,
				511B212E1813790600447996 /* SettingsViewController.m */,
				511B213618137A7400447996 /* PasswordViewController.h */,
				511B213718137A7400447996 /* PasswordViewController.m */,
				511B2130181379E800447996 /* EmailViewController.h */,
				511B2131181379E800447996 /* EmailViewController.m */,
				511B213318137A4400447996 /* MobileViewController.h */,
				511B213418137A4400447996 /* MobileViewController.m */,
				51EEF23118144B2C003F3B07 /* HuddleViewController.h */,
				51EEF23218144B2C003F3B07 /* HuddleViewController.m */,
				DE5758DA1800DC28007A7777 /* User Data */,
				DE0DBD3D17810774004E5FF9 /* Supporting Files */,
			);
			path = Huddlr_files;
			sourceTree = "<group>";
		};
		DE0DBD3D17810774004E5FF9 /* Supporting Files */ = {
			isa = PBXGroup;
			children = (
				DE0DBD3E17810774004E5FF9 /* Huddlr-Info.plist */,
				DE0DBD4217810774004E5FF9 /* main.m */,
				DE0DBD4417810774004E5FF9 /* Huddlr-Prefix.pch */,
				DE0DBD4817810774004E5FF9 /* Default.png */,
				DE0DBD4A17810774004E5FF9 /* Default@2x.png */,
				DE0DBD4C17810774004E5FF9 /* Default-568h@2x.png */,
			);
			name = "Supporting Files";
			sourceTree = "<group>";
		};
		DE5758B917FA96ED007A7777 /* Images */ = {
			isa = PBXGroup;
			children = (
				510CDF66181771FC00D0C2DD /* Login_background.png */,
				510CDF641817062300D0C2DD /* Facebook_login.png */,
				51259A061815AFA200771A2A /* Launch_image.png */,
				51259A041815AD7400771A2A /* Huddlr_icon15.png */,
				51259A021815ACC800771A2A /* Huddlr_icon14.png */,
				51259A001815AC1400771A2A /* Huddlr_icon13.png */,
				512599FE1815AAD400771A2A /* Huddlr_icon12.png */,
				512599FC1815A84C00771A2A /* Huddlr_icon11.png */,
				512599FA1815A7AC00771A2A /* Huddlr_icon10.png */,
				512599F81815A4D300771A2A /* Refresh_icon-1.png */,
				51EEF23F1814CA43003F3B07 /* Huddlr_icon9-1.png */,
				51EEF23D1814C8F6003F3B07 /* Huddlr_icon9.png */,
				DE5758BA17FA9797007A7777 /* Huddlr_icon1.png */,
				DE5758BC17FA97D8007A7777 /* Huddlr_icon2.png */,
				DE5758BE17FA9805007A7777 /* Huddlr_icon3.png */,
				DE5758C017FA9840007A7777 /* Huddlr_icon4.png */,
				DE5758C217FA9880007A7777 /* Huddlr_icon5.png */,
				DE5758C417FA98B5007A7777 /* Huddlr_icon6.png */,
				DE5758C617FA98F5007A7777 /* Huddlr_icon7.png */,
				DEE462761804BDD6005C8618 /* Huddlr_icon8.png */,
				DE721F80181209A500ECC698 /* home.png */,
				DE721F8618120D9B00ECC698 /* Map.png */,
				DE721F8218120C2D00ECC698 /* Huddles.png */,
				DE721F8318120C2D00ECC698 /* Profile.png */,
			);
			name = Images;
			sourceTree = "<group>";
		};
		DE5758DA1800DC28007A7777 /* User Data */ = {
			isa = PBXGroup;
			children = (
				DE5758DD1800DC83007A7777 /* Adele.png */,
				DE5758DE1800DC83007A7777 /* Ben.png */,
				DE5758DF1800DC83007A7777 /* Cassius.png */,
				DE5758E01800DC83007A7777 /* Christy.png */,
				DE5758E11800DC83007A7777 /* Danqing.png */,
				DE5758E21800DC83007A7777 /* David.png */,
				DE5758E31800DC83007A7777 /* Diana.png */,
				DE5758E41800DC83007A7777 /* Henry.png */,
				DE5758E51800DC83007A7777 /* Ivan.png */,
				DE5758E61800DC83007A7777 /* Jessica.png */,
				DE5758E71800DC83007A7777 /* Jie.png */,
				DE5758E81800DC83007A7777 /* Josh.png */,
				DE5758E91800DC83007A7777 /* Natalia.JPG */,
				DE5758EA1800DC83007A7777 /* Nicolas.JPG */,
				DE5758EB1800DC83007A7777 /* Orlando.png */,
				DE5758EC1800DC83007A7777 /* Sinye.png */,
				DE5758ED1800DC83007A7777 /* staticfrienddata.txt */,
				DE5758EE1800DC83007A7777 /* Tong.png */,
				DE5758EF1800DC83007A7777 /* Wen.png */,
				DE5758F01800DC83007A7777 /* Will.png */,
				DE5758F11800DC83007A7777 /* Willa.png */,
				DE5758F21800DC83007A7777 /* Xiao.png */,
				DE5758DB1800DC67007A7777 /* Aaron.png */,
			);
			name = "User Data";
			sourceTree = "<group>";
		};
/* End PBXGroup section */

/* Begin PBXNativeTarget section */
		DE0DBD3217810774004E5FF9 /* Huddlr */ = {
			isa = PBXNativeTarget;
			buildConfigurationList = DE0DBD5917810775004E5FF9 /* Build configuration list for PBXNativeTarget "Huddlr" */;
			buildPhases = (
				DE0DBD2F17810774004E5FF9 /* Sources */,
				DE0DBD3017810774004E5FF9 /* Frameworks */,
				DE0DBD3117810774004E5FF9 /* Resources */,
			);
			buildRules = (
			);
			dependencies = (
			);
			name = Huddlr;
			productName = MorseMap;
			productReference = DE0DBD3317810774004E5FF9 /* Huddlr.app */;
			productType = "com.apple.product-type.application";
		};
/* End PBXNativeTarget section */

/* Begin PBXProject section */
		DE0DBD2B17810774004E5FF9 /* Project object */ = {
			isa = PBXProject;
			attributes = {
				LastUpgradeCheck = 0500;
				ORGANIZATIONNAME = "William Zhao";
			};
			buildConfigurationList = DE0DBD2E17810774004E5FF9 /* Build configuration list for PBXProject "Huddlr" */;
			compatibilityVersion = "Xcode 3.2";
			developmentRegion = English;
			hasScannedForEncodings = 0;
			knownRegions = (
				en,
			);
			mainGroup = DE0DBD2A17810774004E5FF9;
			productRefGroup = DE0DBD3417810774004E5FF9 /* Products */;
			projectDirPath = "";
			projectRoot = "";
			targets = (
				DE0DBD3217810774004E5FF9 /* Huddlr */,
			);
		};
/* End PBXProject section */

/* Begin PBXResourcesBuildPhase section */
		DE0DBD3117810774004E5FF9 /* Resources */ = {
			isa = PBXResourcesBuildPhase;
			buildActionMask = 2147483647;
			files = (
				DE5759081800DC83007A7777 /* Xiao.png in Resources */,
				DE5759051800DC83007A7777 /* Wen.png in Resources */,
				DE5758FC1800DC83007A7777 /* Jessica.png in Resources */,
				DE5759031800DC83007A7777 /* staticfrienddata.txt in Resources */,
				DE0DBD4917810774004E5FF9 /* Default.png in Resources */,
				DE5758BD17FA97D8007A7777 /* Huddlr_icon2.png in Resources */,
				DE5758C517FA98B5007A7777 /* Huddlr_icon6.png in Resources */,
				DE0DBD4B17810774004E5FF9 /* Default@2x.png in Resources */,
				DE5758F81800DC83007A7777 /* David.png in Resources */,
				DE5758FB1800DC83007A7777 /* Ivan.png in Resources */,
				DE5758BF17FA9805007A7777 /* Huddlr_icon3.png in Resources */,
				DE5759071800DC83007A7777 /* Willa.png in Resources */,
				DE0DBD4D17810774004E5FF9 /* Default-568h@2x.png in Resources */,
				DE5759011800DC83007A7777 /* Orlando.png in Resources */,
				512599FF1815AAD400771A2A /* Huddlr_icon12.png in Resources */,
				DE5758D91800AB80007A7777 /* MainStoryboard_iPhone.storyboard in Resources */,
				DE5758C717FA98F5007A7777 /* Huddlr_icon7.png in Resources */,
				DE5759001800DC83007A7777 /* Nicolas.JPG in Resources */,
				512599FB1815A7AC00771A2A /* Huddlr_icon10.png in Resources */,
				DE5759061800DC83007A7777 /* Will.png in Resources */,
				DE5758F61800DC83007A7777 /* Christy.png in Resources */,
				DE5759021800DC83007A7777 /* Sinye.png in Resources */,
				51259A071815AFA200771A2A /* Launch_image.png in Resources */,
				510CDF651817062300D0C2DD /* Facebook_login.png in Resources */,
				DE5758FA1800DC83007A7777 /* Henry.png in Resources */,
				DE0DBD5317810775004E5FF9 /* MainStoryboard_iPad.storyboard in Resources */,
				DE5758C317FA9880007A7777 /* Huddlr_icon5.png in Resources */,
				DE721F8418120C2D00ECC698 /* Huddles.png in Resources */,
				51EEF2401814CA43003F3B07 /* Huddlr_icon9-1.png in Resources */,
				DE721F81181209A500ECC698 /* home.png in Resources */,
				DE5759041800DC83007A7777 /* Tong.png in Resources */,
				DEE462771804BDD6005C8618 /* Huddlr_icon8.png in Resources */,
				DE5758FF1800DC83007A7777 /* Natalia.JPG in Resources */,
				DE5758C117FA9840007A7777 /* Huddlr_icon4.png in Resources */,
				DE5758DC1800DC67007A7777 /* Aaron.png in Resources */,
				DE5758F51800DC83007A7777 /* Cassius.png in Resources */,
				512599FD1815A84C00771A2A /* Huddlr_icon11.png in Resources */,
				51259A011815AC1400771A2A /* Huddlr_icon13.png in Resources */,
				DE5758F31800DC83007A7777 /* Adele.png in Resources */,
				DE0DBD6317810DEE004E5FF9 /* GoogleMaps.bundle in Resources */,
				512599F91815A4D300771A2A /* Refresh_icon-1.png in Resources */,
				510CDF67181771FC00D0C2DD /* Login_background.png in Resources */,
				DE5758BB17FA9797007A7777 /* Huddlr_icon1.png in Resources */,
				DE5758F71800DC83007A7777 /* Danqing.png in Resources */,
				DE721F8518120C2D00ECC698 /* Profile.png in Resources */,
				51259A031815ACC800771A2A /* Huddlr_icon14.png in Resources */,
				DE5758F41800DC83007A7777 /* Ben.png in Resources */,
				51EEF23E1814C8F6003F3B07 /* Huddlr_icon9.png in Resources */,
				DE5758FE1800DC83007A7777 /* Josh.png in Resources */,
				DE5758F91800DC83007A7777 /* Diana.png in Resources */,
				51259A051815AD7400771A2A /* Huddlr_icon15.png in Resources */,
				DE5758FD1800DC83007A7777 /* Jie.png in Resources */,
				DE721F8718120D9B00ECC698 /* Map.png in Resources */,
			);
			runOnlyForDeploymentPostprocessing = 0;
		};
/* End PBXResourcesBuildPhase section */

/* Begin PBXSourcesBuildPhase section */
		DE0DBD2F17810774004E5FF9 /* Sources */ = {
			isa = PBXSourcesBuildPhase;
			buildActionMask = 2147483647;
			files = (
				51EEF23C1814B4BA003F3B07 /* UserDetailsViewController.m in Sources */,
				51EEF23318144B2C003F3B07 /* HuddleViewController.m in Sources */,
				511B213518137A4400447996 /* MobileViewController.m in Sources */,
				51EEF23B1814B4BA003F3B07 /* LoginViewController.m in Sources */,
				511B213818137A7400447996 /* PasswordViewController.m in Sources */,
				DE0DBD4317810774004E5FF9 /* main.m in Sources */,
				DE0DBD4717810774004E5FF9 /* AppDelegate.m in Sources */,
				DE0DBD5617810775004E5FF9 /* MapViewController.m in Sources */,
				511B212F1813790600447996 /* SettingsViewController.m in Sources */,
				511B212C1813785600447996 /* UserDataController.m in Sources */,
				DE5758D217FBBC75007A7777 /* FriendsDataController.m in Sources */,
				511B2132181379E800447996 /* EmailViewController.m in Sources */,
				DE5758D317FBBC75007A7777 /* MasterViewController.m in Sources */,
				DE5758D117FBBC75007A7777 /* Friend.m in Sources */,
			);
			runOnlyForDeploymentPostprocessing = 0;
		};
/* End PBXSourcesBuildPhase section */

/* Begin PBXVariantGroup section */
		DE0DBD5117810775004E5FF9 /* MainStoryboard_iPad.storyboard */ = {
			isa = PBXVariantGroup;
			children = (
				DE0DBD5217810775004E5FF9 /* en */,
			);
			name = MainStoryboard_iPad.storyboard;
			sourceTree = "<group>";
		};
		DE5758D71800AB80007A7777 /* MainStoryboard_iPhone.storyboard */ = {
			isa = PBXVariantGroup;
			children = (
				DE5758D81800AB80007A7777 /* en */,
			);
			name = MainStoryboard_iPhone.storyboard;
			sourceTree = "<group>";
		};
/* End PBXVariantGroup section */

/* Begin XCBuildConfiguration section */
		DE0DBD5717810775004E5FF9 /* Debug */ = {
			isa = XCBuildConfiguration;
			buildSettings = {
				ALWAYS_SEARCH_USER_PATHS = YES;
				ARCHS = "$(ARCHS_STANDARD)";
				CLANG_CXX_LANGUAGE_STANDARD = "gnu++0x";
				CLANG_CXX_LIBRARY = "libc++";
				CLANG_ENABLE_OBJC_ARC = YES;
				CLANG_WARN_CONSTANT_CONVERSION = YES;
				CLANG_WARN_EMPTY_BODY = YES;
				CLANG_WARN_ENUM_CONVERSION = YES;
				CLANG_WARN_INT_CONVERSION = YES;
				CLANG_WARN__DUPLICATE_METHOD_MATCH = YES;
				"CODE_SIGN_IDENTITY[sdk=iphoneos*]" = "iPhone Developer";
				COPY_PHASE_STRIP = NO;
				GCC_C_LANGUAGE_STANDARD = gnu99;
				GCC_DYNAMIC_NO_PIC = NO;
				GCC_OPTIMIZATION_LEVEL = 0;
				GCC_PREPROCESSOR_DEFINITIONS = (
					"DEBUG=1",
					"$(inherited)",
				);
				GCC_SYMBOLS_PRIVATE_EXTERN = NO;
				GCC_WARN_ABOUT_RETURN_TYPE = YES;
				GCC_WARN_UNINITIALIZED_AUTOS = YES;
				GCC_WARN_UNUSED_VARIABLE = YES;
				IPHONEOS_DEPLOYMENT_TARGET = 7.0;
				ONLY_ACTIVE_ARCH = YES;
				"OTHER_LDFLAGS[arch=*]" = "-ObjC";
				SDKROOT = iphoneos7.0;
				TARGETED_DEVICE_FAMILY = "1,2";
			};
			name = Debug;
		};
		DE0DBD5817810775004E5FF9 /* Release */ = {
			isa = XCBuildConfiguration;
			buildSettings = {
				ALWAYS_SEARCH_USER_PATHS = YES;
				ARCHS = "$(ARCHS_STANDARD)";
				CLANG_CXX_LANGUAGE_STANDARD = "gnu++0x";
				CLANG_CXX_LIBRARY = "libc++";
				CLANG_ENABLE_OBJC_ARC = YES;
				CLANG_WARN_CONSTANT_CONVERSION = YES;
				CLANG_WARN_EMPTY_BODY = YES;
				CLANG_WARN_ENUM_CONVERSION = YES;
				CLANG_WARN_INT_CONVERSION = YES;
				CLANG_WARN__DUPLICATE_METHOD_MATCH = YES;
				"CODE_SIGN_IDENTITY[sdk=iphoneos*]" = "iPhone Developer";
				COPY_PHASE_STRIP = YES;
				GCC_C_LANGUAGE_STANDARD = gnu99;
				GCC_WARN_ABOUT_RETURN_TYPE = YES;
				GCC_WARN_UNINITIALIZED_AUTOS = YES;
				GCC_WARN_UNUSED_VARIABLE = YES;
				IPHONEOS_DEPLOYMENT_TARGET = 7.0;
				ONLY_ACTIVE_ARCH = YES;
				OTHER_CFLAGS = "-DNS_BLOCK_ASSERTIONS=1";
				"OTHER_LDFLAGS[arch=*]" = "-ObjC";
				SDKROOT = iphoneos7.0;
				TARGETED_DEVICE_FAMILY = "1,2";
				VALIDATE_PRODUCT = YES;
			};
			name = Release;
		};
		DE0DBD5A17810775004E5FF9 /* Debug */ = {
			isa = XCBuildConfiguration;
			buildSettings = {
				ALWAYS_SEARCH_USER_PATHS = YES;
				ARCHS = "$(ARCHS_STANDARD)";
				FRAMEWORK_SEARCH_PATHS = (
					"$(inherited)",
					"$(SRCROOT)",
					/Users/xiaosheng/Desktop/Huddlr/Huddlr/Huddlr_App,
					/Users/xiaosheng/Desktop/Huddlr/Huddlr/Huddlr_App/Parse.framework,
					/Users/xiaosheng/Desktop/Huddlr/Huddlr/Huddlr_App/FacebookSDK,
				);
				GCC_PRECOMPILE_PREFIX_HEADER = YES;
				GCC_PREFIX_HEADER = "Huddlr_files/Huddlr-Prefix.pch";
				INFOPLIST_FILE = "/Users/xiaosheng/Desktop/Huddlr/Huddlr/Huddlr_App/Huddlr_files/Huddlr-Info.plist";
				IPHONEOS_DEPLOYMENT_TARGET = 7.0;
				ONLY_ACTIVE_ARCH = YES;
				PRODUCT_NAME = Huddlr;
				SCAN_ALL_SOURCE_FILES_FOR_INCLUDES = YES;
				SDKROOT = iphoneos7.0;
				WRAPPER_EXTENSION = app;
			};
			name = Debug;
		};
		DE0DBD5B17810775004E5FF9 /* Release */ = {
			isa = XCBuildConfiguration;
			buildSettings = {
				ALWAYS_SEARCH_USER_PATHS = YES;
				ARCHS = "$(ARCHS_STANDARD)";
				FRAMEWORK_SEARCH_PATHS = (
					"$(inherited)",
					"$(SRCROOT)",
					/Users/xiaosheng/Desktop/Huddlr/Huddlr/Huddlr_App,
					/Users/xiaosheng/Desktop/Huddlr/Huddlr/Huddlr_App/Parse.framework,
					/Users/xiaosheng/Desktop/Huddlr/Huddlr/Huddlr_App/FacebookSDK,
				);
				GCC_PRECOMPILE_PREFIX_HEADER = YES;
				GCC_PREFIX_HEADER = "Huddlr_files/Huddlr-Prefix.pch";
				INFOPLIST_FILE = "/Users/xiaosheng/Desktop/Huddlr/Huddlr/Huddlr_App/Huddlr_files/Huddlr-Info.plist";
				IPHONEOS_DEPLOYMENT_TARGET = 7.0;
				ONLY_ACTIVE_ARCH = YES;
				PRODUCT_NAME = Huddlr;
				SCAN_ALL_SOURCE_FILES_FOR_INCLUDES = YES;
				SDKROOT = iphoneos7.0;
				WRAPPER_EXTENSION = app;
			};
			name = Release;
		};
/* End XCBuildConfiguration section */

/* Begin XCConfigurationList section */
		DE0DBD2E17810774004E5FF9 /* Build configuration list for PBXProject "Huddlr" */ = {
			isa = XCConfigurationList;
			buildConfigurations = (
				DE0DBD5717810775004E5FF9 /* Debug */,
				DE0DBD5817810775004E5FF9 /* Release */,
			);
			defaultConfigurationIsVisible = 0;
			defaultConfigurationName = Release;
		};
		DE0DBD5917810775004E5FF9 /* Build configuration list for PBXNativeTarget "Huddlr" */ = {
			isa = XCConfigurationList;
			buildConfigurations = (
				DE0DBD5A17810775004E5FF9 /* Debug */,
				DE0DBD5B17810775004E5FF9 /* Release */,
			);
			defaultConfigurationIsVisible = 0;
			defaultConfigurationName = Release;
		};
/* End XCConfigurationList section */
	};
	rootObject = DE0DBD2B17810774004E5FF9 /* Project object */;
}
